
Microsoft Visual Studio Solution File, Format Version 12.00
# Visual Studio 15
VisualStudioVersion = 15.0.28307.1082
MinimumVisualStudioVersion = 10.0.40219.1
Project("{8BC9CEB8-8B4A-11D0-8D11-00A0C91BC942}") = "MelonLoader", "MelonLoader\MelonLoader.vcxproj", "{88DCBE83-3D23-48E3-BA8F-8DEC31A91442}"
EndProject
Project("{FAE04EC0-301F-11D3-BF4B-00C04F79EFBC}") = "MelonLoader.ModHandler", "MelonLoader.ModHandler\MelonLoader.ModHandler.csproj", "{3C4056AB-1D07-43FC-A93D-0AA72446DA03}"
EndProject
Project("{FAE04EC0-301F-11D3-BF4B-00C04F79EFBC}") = "AudicaHTTPStatus", "AudicaHTTPStatus\AudicaHTTPStatus.csproj", "{77EB9DB0-BECB-4845-A9A3-BEBE1EB8E8DD}"
EndProject
Project("{8BC9CEB8-8B4A-11D0-8D11-00A0C91BC942}") = "winmm", "winmm\winmm.vcxproj", "{4A01315C-109C-469A-97DD-F9BD8A6DDED9}"
EndProject
Project("{FAE04EC0-301F-11D3-BF4B-00C04F79EFBC}") = "websocket-sharp", "BaseLibs\websocket-sharp\websocket-sharp\websocket-sharp.csproj", "{B357BAC7-529E-4D81-A0D2-71041B19C8DE}"
EndProject
Global
	GlobalSection(SolutionConfigurationPlatforms) = preSolution
		Debug_Ubuntu|Any CPU = Debug_Ubuntu|Any CPU
		Debug_Ubuntu|x64 = Debug_Ubuntu|x64
		Debug|Any CPU = Debug|Any CPU
		Debug|x64 = Debug|x64
		Release_Ubuntu|Any CPU = Release_Ubuntu|Any CPU
		Release_Ubuntu|x64 = Release_Ubuntu|x64
		Release|Any CPU = Release|Any CPU
		Release|x64 = Release|x64
	EndGlobalSection
	GlobalSection(ProjectConfigurationPlatforms) = postSolution
		{88DCBE83-3D23-48E3-BA8F-8DEC31A91442}.Debug_Ubuntu|Any CPU.ActiveCfg = Release|x64
		{88DCBE83-3D23-48E3-BA8F-8DEC31A91442}.Debug_Ubuntu|Any CPU.Build.0 = Release|x64
		{88DCBE83-3D23-48E3-BA8F-8DEC31A91442}.Debug_Ubuntu|x64.ActiveCfg = Debug|x64
		{88DCBE83-3D23-48E3-BA8F-8DEC31A91442}.Debug_Ubuntu|x64.Build.0 = Debug|x64
		{88DCBE83-3D23-48E3-BA8F-8DEC31A91442}.Debug|Any CPU.ActiveCfg = Debug|x64
		{88DCBE83-3D23-48E3-BA8F-8DEC31A91442}.Debug|x64.ActiveCfg = Debug|x64
		{88DCBE83-3D23-48E3-BA8F-8DEC31A91442}.Debug|x64.Build.0 = Debug|x64
		{88DCBE83-3D23-48E3-BA8F-8DEC31A91442}.Release_Ubuntu|Any CPU.ActiveCfg = Release|x64
		{88DCBE83-3D23-48E3-BA8F-8DEC31A91442}.Release_Ubuntu|Any CPU.Build.0 = Release|x64
		{88DCBE83-3D23-48E3-BA8F-8DEC31A91442}.Release_Ubuntu|x64.ActiveCfg = Release|x64
		{88DCBE83-3D23-48E3-BA8F-8DEC31A91442}.Release_Ubuntu|x64.Build.0 = Release|x64
		{88DCBE83-3D23-48E3-BA8F-8DEC31A91442}.Release|Any CPU.ActiveCfg = Release|x64
		{88DCBE83-3D23-48E3-BA8F-8DEC31A91442}.Release|x64.ActiveCfg = Release|x64
		{88DCBE83-3D23-48E3-BA8F-8DEC31A91442}.Release|x64.Build.0 = Release|x64
		{3C4056AB-1D07-43FC-A93D-0AA72446DA03}.Debug_Ubuntu|Any CPU.ActiveCfg = Debug|Any CPU
		{3C4056AB-1D07-43FC-A93D-0AA72446DA03}.Debug_Ubuntu|Any CPU.Build.0 = Debug|Any CPU
		{3C4056AB-1D07-43FC-A93D-0AA72446DA03}.Debug_Ubuntu|x64.ActiveCfg = Debug|Any CPU
		{3C4056AB-1D07-43FC-A93D-0AA72446DA03}.Debug_Ubuntu|x64.Build.0 = Debug|Any CPU
		{3C4056AB-1D07-43FC-A93D-0AA72446DA03}.Debug|Any CPU.ActiveCfg = Debug|Any CPU
		{3C4056AB-1D07-43FC-A93D-0AA72446DA03}.Debug|Any CPU.Build.0 = Debug|Any CPU
		{3C4056AB-1D07-43FC-A93D-0AA72446DA03}.Debug|x64.ActiveCfg = Debug|Any CPU
		{3C4056AB-1D07-43FC-A93D-0AA72446DA03}.Debug|x64.Build.0 = Debug|Any CPU
		{3C4056AB-1D07-43FC-A93D-0AA72446DA03}.Release_Ubuntu|Any CPU.ActiveCfg = Release|Any CPU
		{3C4056AB-1D07-43FC-A93D-0AA72446DA03}.Release_Ubuntu|Any CPU.Build.0 = Release|Any CPU
		{3C4056AB-1D07-43FC-A93D-0AA72446DA03}.Release_Ubuntu|x64.ActiveCfg = Release|Any CPU
		{3C4056AB-1D07-43FC-A93D-0AA72446DA03}.Release_Ubuntu|x64.Build.0 = Release|Any CPU
		{3C4056AB-1D07-43FC-A93D-0AA72446DA03}.Release|Any CPU.ActiveCfg = Release|Any CPU
		{3C4056AB-1D07-43FC-A93D-0AA72446DA03}.Release|Any CPU.Build.0 = Release|Any CPU
		{3C4056AB-1D07-43FC-A93D-0AA72446DA03}.Release|x64.ActiveCfg = Release|Any CPU
		{3C4056AB-1D07-43FC-A93D-0AA72446DA03}.Release|x64.Build.0 = Release|Any CPU
		{77EB9DB0-BECB-4845-A9A3-BEBE1EB8E8DD}.Debug_Ubuntu|Any CPU.ActiveCfg = Release|Any CPU
		{77EB9DB0-BECB-4845-A9A3-BEBE1EB8E8DD}.Debug_Ubuntu|Any CPU.Build.0 = Release|Any CPU
		{77EB9DB0-BECB-4845-A9A3-BEBE1EB8E8DD}.Debug_Ubuntu|x64.ActiveCfg = Release|Any CPU
		{77EB9DB0-BECB-4845-A9A3-BEBE1EB8E8DD}.Debug_Ubuntu|x64.Build.0 = Release|Any CPU
		{77EB9DB0-BECB-4845-A9A3-BEBE1EB8E8DD}.Debug|Any CPU.ActiveCfg = Release|Any CPU
		{77EB9DB0-BECB-4845-A9A3-BEBE1EB8E8DD}.Debug|Any CPU.Build.0 = Release|Any CPU
		{77EB9DB0-BECB-4845-A9A3-BEBE1EB8E8DD}.Debug|x64.ActiveCfg = Release|Any CPU
		{77EB9DB0-BECB-4845-A9A3-BEBE1EB8E8DD}.Debug|x64.Build.0 = Release|Any CPU
		{77EB9DB0-BECB-4845-A9A3-BEBE1EB8E8DD}.Release_Ubuntu|Any CPU.ActiveCfg = Release|Any CPU
		{77EB9DB0-BECB-4845-A9A3-BEBE1EB8E8DD}.Release_Ubuntu|Any CPU.Build.0 = Release|Any CPU
		{77EB9DB0-BECB-4845-A9A3-BEBE1EB8E8DD}.Release_Ubuntu|x64.ActiveCfg = Release|Any CPU
		{77EB9DB0-BECB-4845-A9A3-BEBE1EB8E8DD}.Release_Ubuntu|x64.Build.0 = Release|Any CPU
		{77EB9DB0-BECB-4845-A9A3-BEBE1EB8E8DD}.Release|Any CPU.ActiveCfg = Release|Any CPU
		{77EB9DB0-BECB-4845-A9A3-BEBE1EB8E8DD}.Release|Any CPU.Build.0 = Release|Any CPU
		{77EB9DB0-BECB-4845-A9A3-BEBE1EB8E8DD}.Release|x64.ActiveCfg = Release|Any CPU
		{77EB9DB0-BECB-4845-A9A3-BEBE1EB8E8DD}.Release|x64.Build.0 = Release|Any CPU
		{4A01315C-109C-469A-97DD-F9BD8A6DDED9}.Debug_Ubuntu|Any CPU.ActiveCfg = Release|x64
		{4A01315C-109C-469A-97DD-F9BD8A6DDED9}.Debug_Ubuntu|Any CPU.Build.0 = Release|x64
		{4A01315C-109C-469A-97DD-F9BD8A6DDED9}.Debug_Ubuntu|x64.ActiveCfg = Debug|x64
		{4A01315C-109C-469A-97DD-F9BD8A6DDED9}.Debug_Ubuntu|x64.Build.0 = Debug|x64
		{4A01315C-109C-469A-97DD-F9BD8A6DDED9}.Debug|Any CPU.ActiveCfg = Debug|x64
		{4A01315C-109C-469A-97DD-F9BD8A6DDED9}.Debug|x64.ActiveCfg = Debug|x64
		{4A01315C-109C-469A-97DD-F9BD8A6DDED9}.Debug|x64.Build.0 = Debug|x64
		{4A01315C-109C-469A-97DD-F9BD8A6DDED9}.Release_Ubuntu|Any CPU.ActiveCfg = Release|x64
		{4A01315C-109C-469A-97DD-F9BD8A6DDED9}.Release_Ubuntu|Any CPU.Build.0 = Release|x64
		{4A01315C-109C-469A-97DD-F9BD8A6DDED9}.Release_Ubuntu|x64.ActiveCfg = Release|x64
		{4A01315C-109C-469A-97DD-F9BD8A6DDED9}.Release_Ubuntu|x64.Build.0 = Release|x64
		{4A01315C-109C-469A-97DD-F9BD8A6DDED9}.Release|Any CPU.ActiveCfg = Release|x64
		{4A01315C-109C-469A-97DD-F9BD8A6DDED9}.Release|x64.ActiveCfg = Release|x64
		{4A01315C-109C-469A-97DD-F9BD8A6DDED9}.Release|x64.Build.0 = Release|x64
		{B357BAC7-529E-4D81-A0D2-71041B19C8DE}.Debug_Ubuntu|Any CPU.ActiveCfg = Debug_Ubuntu|Any CPU
		{B357BAC7-529E-4D81-A0D2-71041B19C8DE}.Debug_Ubuntu|Any CPU.Build.0 = Debug_Ubuntu|Any CPU
		{B357BAC7-529E-4D81-A0D2-71041B19C8DE}.Debug_Ubuntu|x64.ActiveCfg = Debug_Ubuntu|Any CPU
		{B357BAC7-529E-4D81-A0D2-71041B19C8DE}.Debug_Ubuntu|x64.Build.0 = Debug_Ubuntu|Any CPU
		{B357BAC7-529E-4D81-A0D2-71041B19C8DE}.Debug|Any CPU.ActiveCfg = Debug|Any CPU
		{B357BAC7-529E-4D81-A0D2-71041B19C8DE}.Debug|Any CPU.Build.0 = Debug|Any CPU
		{B357BAC7-529E-4D81-A0D2-71041B19C8DE}.Debug|x64.ActiveCfg = Debug|Any CPU
		{B357BAC7-529E-4D81-A0D2-71041B19C8DE}.Debug|x64.Build.0 = Debug|Any CPU
		{B357BAC7-529E-4D81-A0D2-71041B19C8DE}.Release_Ubuntu|Any CPU.ActiveCfg = Release_Ubuntu|Any CPU
		{B357BAC7-529E-4D81-A0D2-71041B19C8DE}.Release_Ubuntu|Any CPU.Build.0 = Release_Ubuntu|Any CPU
		{B357BAC7-529E-4D81-A0D2-71041B19C8DE}.Release_Ubuntu|x64.ActiveCfg = Release_Ubuntu|Any CPU
		{B357BAC7-529E-4D81-A0D2-71041B19C8DE}.Release_Ubuntu|x64.Build.0 = Release_Ubuntu|Any CPU
		{B357BAC7-529E-4D81-A0D2-71041B19C8DE}.Release|Any CPU.ActiveCfg = Release|Any CPU
		{B357BAC7-529E-4D81-A0D2-71041B19C8DE}.Release|Any CPU.Build.0 = Release|Any CPU
		{B357BAC7-529E-4D81-A0D2-71041B19C8DE}.Release|x64.ActiveCfg = Release|Any CPU
		{B357BAC7-529E-4D81-A0D2-71041B19C8DE}.Release|x64.Build.0 = Release|Any CPU
	EndGlobalSection
	GlobalSection(SolutionProperties) = preSolution
		HideSolutionNode = FALSE
	EndGlobalSection
	GlobalSection(ExtensibilityGlobals) = postSolution
		SolutionGuid = {7A4C112F-6887-4493-B445-F922B80B3675}
	EndGlobalSection
EndGlobal
